
Microsoft Visual Studio Solution File, Format Version 12.00
# Visual Studio Version 17
VisualStudioVersion = 17.11.35327.3
MinimumVisualStudioVersion = 10.0.40219.1
Project("{9A19103F-16F7-4668-BE54-9A1E7A4F7556}") = "Odata.Endpoints", "Odata.Endpoints\Odata.Endpoints.csproj", "{5CD2FFE7-C1AA-4887-868C-8F8DA048F87E}"
EndProject
Project("{9A19103F-16F7-4668-BE54-9A1E7A4F7556}") = "Odata.Client", "Odata.Client\Odata.Client.csproj", "{F8F03919-0A26-4C3E-A2A8-3459022A9509}"
EndProject
Global
	GlobalSection(SolutionConfigurationPlatforms) = preSolution
		Debug|Any CPU = Debug|Any CPU
		Release|Any CPU = Release|Any CPU
	EndGlobalSection
	GlobalSection(ProjectConfigurationPlatforms) = postSolution
		{5CD2FFE7-C1AA-4887-868C-8F8DA048F87E}.Debug|Any CPU.ActiveCfg = Debug|Any CPU
		{5CD2FFE7-C1AA-4887-868C-8F8DA048F87E}.Debug|Any CPU.Build.0 = Debug|Any CPU
		{5CD2FFE7-C1AA-4887-868C-8F8DA048F87E}.Release|Any CPU.ActiveCfg = Release|Any CPU
		{5CD2FFE7-C1AA-4887-868C-8F8DA048F87E}.Release|Any CPU.Build.0 = Release|Any CPU
		{F8F03919-0A26-4C3E-A2A8-3459022A9509}.Debug|Any CPU.ActiveCfg = Debug|Any CPU
		{F8F03919-0A26-4C3E-A2A8-3459022A9509}.Debug|Any CPU.Build.0 = Debug|Any CPU
		{F8F03919-0A26-4C3E-A2A8-3459022A9509}.Release|Any CPU.ActiveCfg = Release|Any CPU
		{F8F03919-0A26-4C3E-A2A8-3459022A9509}.Release|Any CPU.Build.0 = Release|Any CPU
	EndGlobalSection
	GlobalSection(SolutionProperties) = preSolution
		HideSolutionNode = FALSE
	EndGlobalSection
	GlobalSection(ExtensibilityGlobals) = postSolution
		SolutionGuid = {5FAACFA6-B275-439A-A6CD-A77A4F6F3655}
	EndGlobalSection
EndGlobal
